// !$*UTF8*$!
{
	archiveVersion = 1;
	classes = {
	};
	objectVersion = 48;
	objects = {

/* Begin PBXBuildFile section */
		1B8E19C51FA45C5400456D88 /* LYSweepGradientView.m in Sources */ = {isa = PBXBuildFile; fileRef = 1B8E19C41FA45C5400456D88 /* LYSweepGradientView.m */; };
		1B9C89A01F9F326200EF6121 /* LYRadialGradientView.m in Sources */ = {isa = PBXBuildFile; fileRef = 1BE03CB21F9F2FF100BEEF0C /* LYRadialGradientView.m */; };
		1B9C89A11F9F326200EF6121 /* LYLineGradientView.m in Sources */ = {isa = PBXBuildFile; fileRef = 1BE03CB41F9F2FF100BEEF0C /* LYLineGradientView.m */; };
		1BE03C9C1F9F2EBE00BEEF0C /* AppDelegate.m in Sources */ = {isa = PBXBuildFile; fileRef = 1BE03C9B1F9F2EBE00BEEF0C /* AppDelegate.m */; };
		1BE03C9F1F9F2EBE00BEEF0C /* ViewController.m in Sources */ = {isa = PBXBuildFile; fileRef = 1BE03C9E1F9F2EBE00BEEF0C /* ViewController.m */; };
		1BE03CA21F9F2EBE00BEEF0C /* Main.storyboard in Resources */ = {isa = PBXBuildFile; fileRef = 1BE03CA01F9F2EBE00BEEF0C /* Main.storyboard */; };
		1BE03CA41F9F2EBE00BEEF0C /* Assets.xcassets in Resources */ = {isa = PBXBuildFile; fileRef = 1BE03CA31F9F2EBE00BEEF0C /* Assets.xcassets */; };
		1BE03CA71F9F2EBF00BEEF0C /* LaunchScreen.storyboard in Resources */ = {isa = PBXBuildFile; fileRef = 1BE03CA51F9F2EBF00BEEF0C /* LaunchScreen.storyboard */; };
		1BE03CAA1F9F2EBF00BEEF0C /* main.m in Sources */ = {isa = PBXBuildFile; fileRef = 1BE03CA91F9F2EBF00BEEF0C /* main.m */; };
/* End PBXBuildFile section */

/* Begin PBXFileReference section */
		1B8E19C31FA45C5400456D88 /* LYSweepGradientView.h */ = {isa = PBXFileReference; lastKnownFileType = sourcecode.c.h; path = LYSweepGradientView.h; sourceTree = "<group>"; };
		1B8E19C41FA45C5400456D88 /* LYSweepGradientView.m */ = {isa = PBXFileReference; lastKnownFileType = sourcecode.c.objc; path = LYSweepGradientView.m; sourceTree = "<group>"; };
		1BE03C971F9F2EBE00BEEF0C /* LYGradientViewDemo.app */ = {isa = PBXFileReference; explicitFileType = wrapper.application; includeInIndex = 0; path = LYGradientViewDemo.app; sourceTree = BUILT_PRODUCTS_DIR; };
		1BE03C9A1F9F2EBE00BEEF0C /* AppDelegate.h */ = {isa = PBXFileReference; lastKnownFileType = sourcecode.c.h; path = AppDelegate.h; sourceTree = "<group>"; };
		1BE03C9B1F9F2EBE00BEEF0C /* AppDelegate.m */ = {isa = PBXFileReference; lastKnownFileType = sourcecode.c.objc; path = AppDelegate.m; sourceTree = "<group>"; };
		1BE03C9D1F9F2EBE00BEEF0C /* ViewController.h */ = {isa = PBXFileReference; lastKnownFileType = sourcecode.c.h; path = ViewController.h; sourceTree = "<group>"; };
		1BE03C9E1F9F2EBE00BEEF0C /* ViewController.m */ = {isa = PBXFileReference; lastKnownFileType = sourcecode.c.objc; path = ViewController.m; sourceTree = "<group>"; };
		1BE03CA11F9F2EBE00BEEF0C /* Base */ = {isa = PBXFileReference; lastKnownFileType = file.storyboard; name = Base; path = Base.lproj/Main.storyboard; sourceTree = "<group>"; };
		1BE03CA31F9F2EBE00BEEF0C /* Assets.xcassets */ = {isa = PBXFileReference; lastKnownFileType = folder.assetcatalog; path = Assets.xcassets; sourceTree = "<group>"; };
		1BE03CA61F9F2EBF00BEEF0C /* Base */ = {isa = PBXFileReference; lastKnownFileType = file.storyboard; name = Base; path = Base.lproj/LaunchScreen.storyboard; sourceTree = "<group>"; };
		1BE03CA81F9F2EBF00BEEF0C /* Info.plist */ = {isa = PBXFileReference; lastKnownFileType = text.plist.xml; path = Info.plist; sourceTree = "<group>"; };
		1BE03CA91F9F2EBF00BEEF0C /* main.m */ = {isa = PBXFileReference; lastKnownFileType = sourcecode.c.objc; path = main.m; sourceTree = "<group>"; };
		1BE03CB11F9F2FF100BEEF0C /* LYRadialGradientView.h */ = {isa = PBXFileReference; lastKnownFileType = sourcecode.c.h; path = LYRadialGradientView.h; sourceTree = "<group>"; };
		1BE03CB21F9F2FF100BEEF0C /* LYRadialGradientView.m */ = {isa = PBXFileReference; lastKnownFileType = sourcecode.c.objc; path = LYRadialGradientView.m; sourceTree = "<group>"; };
		1BE03CB31F9F2FF100BEEF0C /* LYLineGradientView.h */ = {isa = PBXFileReference; lastKnownFileType = sourcecode.c.h; path = LYLineGradientView.h; sourceTree = "<group>"; };
		1BE03CB41F9F2FF100BEEF0C /* LYLineGradientView.m */ = {isa = PBXFileReference; lastKnownFileType = sourcecode.c.objc; path = LYLineGradientView.m; sourceTree = "<group>"; };
/* End PBXFileReference section */

/* Begin PBXFrameworksBuildPhase section */
		1BE03C941F9F2EBE00BEEF0C /* Frameworks */ = {
			isa = PBXFrameworksBuildPhase;
			buildActionMask = 2147483647;
			files = (
			);
			runOnlyForDeploymentPostprocessing = 0;
		};
/* End PBXFrameworksBuildPhase section */

/* Begin PBXGroup section */
		1BE03C8E1F9F2EBD00BEEF0C = {
			isa = PBXGroup;
			children = (
				1BE03CB01F9F2FF100BEEF0C /* LYGradientView */,
				1BE03C991F9F2EBE00BEEF0C /* LYGradientViewDemo */,
				1BE03C981F9F2EBE00BEEF0C /* Products */,
			);
			sourceTree = "<group>";
		};
		1BE03C981F9F2EBE00BEEF0C /* Products */ = {
			isa = PBXGroup;
			children = (
				1BE03C971F9F2EBE00BEEF0C /* LYGradientViewDemo.app */,
			);
			name = Products;
			sourceTree = "<group>";
		};
		1BE03C991F9F2EBE00BEEF0C /* LYGradientViewDemo */ = {
			isa = PBXGroup;
			children = (
				1BE03C9A1F9F2EBE00BEEF0C /* AppDelegate.h */,
				1BE03C9B1F9F2EBE00BEEF0C /* AppDelegate.m */,
				1BE03C9D1F9F2EBE00BEEF0C /* ViewController.h */,
				1BE03C9E1F9F2EBE00BEEF0C /* ViewController.m */,
				1BE03CA01F9F2EBE00BEEF0C /* Main.storyboard */,
				1BE03CA31F9F2EBE00BEEF0C /* Assets.xcassets */,
				1BE03CA51F9F2EBF00BEEF0C /* LaunchScreen.storyboard */,
				1BE03CA81F9F2EBF00BEEF0C /* Info.plist */,
				1BE03CA91F9F2EBF00BEEF0C /* main.m */,
			);
			path = LYGradientViewDemo;
			sourceTree = "<group>";
		};
		1BE03CB01F9F2FF100BEEF0C /* LYGradientView */ = {
			isa = PBXGroup;
			children = (
				1BE03CB11F9F2FF100BEEF0C /* LYRadialGradientView.h */,
				1BE03CB21F9F2FF100BEEF0C /* LYRadialGradientView.m */,
				1BE03CB31F9F2FF100BEEF0C /* LYLineGradientView.h */,
				1BE03CB41F9F2FF100BEEF0C /* LYLineGradientView.m */,
				1B8E19C31FA45C5400456D88 /* LYSweepGradientView.h */,
				1B8E19C41FA45C5400456D88 /* LYSweepGradientView.m */,
			);
			path = LYGradientView;
			sourceTree = "<group>";
		};
/* End PBXGroup section */

/* Begin PBXNativeTarget section */
		1BE03C961F9F2EBE00BEEF0C /* LYGradientViewDemo */ = {
			isa = PBXNativeTarget;
			buildConfigurationList = 1BE03CAD1F9F2EBF00BEEF0C /* Build configuration list for PBXNativeTarget "LYGradientViewDemo" */;
			buildPhases = (
				1BE03C931F9F2EBE00BEEF0C /* Sources */,
				1BE03C941F9F2EBE00BEEF0C /* Frameworks */,
				1BE03C951F9F2EBE00BEEF0C /* Resources */,
			);
			buildRules = (
			);
			dependencies = (
			);
			name = LYGradientViewDemo;
			productName = LYGradientViewDemo;
			productReference = 1BE03C971F9F2EBE00BEEF0C /* LYGradientViewDemo.app */;
			productType = "com.apple.product-type.application";
		};
/* End PBXNativeTarget section */

/* Begin PBXProject section */
		1BE03C8F1F9F2EBD00BEEF0C /* Project object */ = {
			isa = PBXProject;
			attributes = {
				LastUpgradeCheck = 0900;
				ORGANIZATIONNAME = dj.yue;
				TargetAttributes = {
					1BE03C961F9F2EBE00BEEF0C = {
						CreatedOnToolsVersion = 9.0;
					};
				};
			};
			buildConfigurationList = 1BE03C921F9F2EBD00BEEF0C /* Build configuration list for PBXProject "LYGradientViewDemo" */;
			compatibilityVersion = "Xcode 8.0";
			developmentRegion = en;
			hasScannedForEncodings = 0;
			knownRegions = (
				en,
				Base,
			);
			mainGroup = 1BE03C8E1F9F2EBD00BEEF0C;
			productRefGroup = 1BE03C981F9F2EBE00BEEF0C /* Products */;
			projectDirPath = "";
			projectRoot = "";
			targets = (
				1BE03C961F9F2EBE00BEEF0C /* LYGradientViewDemo */,
			);
		};
/* End PBXProject section */

/* Begin PBXResourcesBuildPhase section */
		1BE03C951F9F2EBE00BEEF0C /* Resources */ = {
			isa = PBXResourcesBuildPhase;
			buildActionMask = 2147483647;
			files = (
				1BE03CA71F9F2EBF00BEEF0C /* LaunchScreen.storyboard in Resources */,
				1BE03CA41F9F2EBE00BEEF0C /* Assets.xcassets in Resources */,
				1BE03CA21F9F2EBE00BEEF0C /* Main.storyboard in Resources */,
			);
			runOnlyForDeploymentPostprocessing = 0;
		};
/* End PBXResourcesBuildPhase section */

/* Begin PBXSourcesBuildPhase section */
		1BE03C931F9F2EBE00BEEF0C /* Sources */ = {
			isa = PBXSourcesBuildPhase;
			buildActionMask = 2147483647;
			files = (
				1BE03C9F1F9F2EBE00BEEF0C /* ViewController.m in Sources */,
				1B9C89A01F9F326200EF6121 /* LYRadialGradientView.m in Sources */,
				1B8E19C51FA45C5400456D88 /* LYSweepGradientView.m in Sources */,
				1BE03CAA1F9F2EBF00BEEF0C /* main.m in Sources */,
				1B9C89A11F9F326200EF6121 /* LYLineGradientView.m in Sources */,
				1BE03C9C1F9F2EBE00BEEF0C /* AppDelegate.m in Sources */,
			);
			runOnlyForDeploymentPostprocessing = 0;
		};
/* End PBXSourcesBuildPhase section */

/* Begin PBXVariantGroup section */
		1BE03CA01F9F2EBE00BEEF0C /* Main.storyboard */ = {
			isa = PBXVariantGroup;
			children = (
				1BE03CA11F9F2EBE00BEEF0C /* Base */,
			);
			name = Main.storyboard;
			sourceTree = "<group>";
		};
		1BE03CA51F9F2EBF00BEEF0C /* LaunchScreen.storyboard */ = {
			isa = PBXVariantGroup;
			children = (
				1BE03CA61F9F2EBF00BEEF0C /* Base */,
			);
			name = LaunchScreen.storyboard;
			sourceTree = "<group>";
		};
/* End PBXVariantGroup section */

/* Begin XCBuildConfiguration section */
		1BE03CAB1F9F2EBF00BEEF0C /* Debug */ = {
			isa = XCBuildConfiguration;
			buildSettings = {
				ALWAYS_SEARCH_USER_PATHS = NO;
				CLANG_ANALYZER_NONNULL = YES;
				CLANG_ANALYZER_NUMBER_OBJECT_CONVERSION = YES_AGGRESSIVE;
				CLANG_CXX_LANGUAGE_STANDARD = "gnu++14";
				CLANG_CXX_LIBRARY = "libc++";
				CLANG_ENABLE_MODULES = YES;
				CLANG_ENABLE_OBJC_ARC = YES;
				CLANG_WARN_BLOCK_CAPTURE_AUTORELEASING = YES;
				CLANG_WARN_BOOL_CONVERSION = YES;
				CLANG_WARN_COMMA = YES;
				CLANG_WARN_CONSTANT_CONVERSION = YES;
				CLANG_WARN_DIRECT_OBJC_ISA_USAGE = YES_ERROR;
				CLANG_WARN_DOCUMENTATION_COMMENTS = YES;
				CLANG_WARN_EMPTY_BODY = YES;
				CLANG_WARN_ENUM_CONVERSION = YES;
				CLANG_WARN_INFINITE_RECURSION = YES;
				CLANG_WARN_INT_CONVERSION = YES;
				CLANG_WARN_OBJC_ROOT_CLASS = YES_ERROR;
				CLANG_WARN_RANGE_LOOP_ANALYSIS = YES;
				CLANG_WARN_STRICT_PROTOTYPES = YES;
				CLANG_WARN_SUSPICIOUS_MOVE = YES;
				CLANG_WARN_UNGUARDED_AVAILABILITY = YES_AGGRESSIVE;
				CLANG_WARN_UNREACHABLE_CODE = YES;
				CLANG_WARN__DUPLICATE_METHOD_MATCH = YES;
				CODE_SIGN_IDENTITY = "iPhone Developer";
				COPY_PHASE_STRIP = NO;
				DEBUG_INFORMATION_FORMAT = dwarf;
				ENABLE_STRICT_OBJC_MSGSEND = YES;
				ENABLE_TESTABILITY = YES;
				GCC_C_LANGUAGE_STANDARD = gnu11;
				GCC_DYNAMIC_NO_PIC = NO;
				GCC_NO_COMMON_BLOCKS = YES;
				GCC_OPTIMIZATION_LEVEL = 0;
				GCC_PREPROCESSOR_DEFINITIONS = (
					"DEBUG=1",
					"$(inherited)",
				);
				GCC_WARN_64_TO_32_BIT_CONVERSION = YES;
				GCC_WARN_ABOUT_RETURN_TYPE = YES_ERROR;
				GCC_WARN_UNDECLARED_SELECTOR = YES;
				GCC_WARN_UNINITIALIZED_AUTOS = YES_AGGRESSIVE;
				GCC_WARN_UNUSED_FUNCTION = YES;
				GCC_WARN_UNUSED_VARIABLE = YES;
				IPHONEOS_DEPLOYMENT_TARGET = 11.0;
				MTL_ENABLE_DEBUG_INFO = YES;
				ONLY_ACTIVE_ARCH = YES;
				SDKROOT = iphoneos;
			};
			name = Debug;
		};
		1BE03CAC1F9F2EBF00BEEF0C /* Release */ = {
			isa = XCBuildConfiguration;
			buildSettings = {
				ALWAYS_SEARCH_USER_PATHS = NO;
				CLANG_ANALYZER_NONNULL = YES;
				CLANG_ANALYZER_NUMBER_OBJECT_CONVERSION = YES_AGGRESSIVE;
				CLANG_CXX_LANGUAGE_STANDARD = "gnu++14";
				CLANG_CXX_LIBRARY = "libc++";
				CLANG_ENABLE_MODULES = YES;
				CLANG_ENABLE_OBJC_ARC = YES;
				CLANG_WARN_BLOCK_CAPTURE_AUTORELEASING = YES;
				CLANG_WARN_BOOL_CONVERSION = YES;
				CLANG_WARN_COMMA = YES;
				CLANG_WARN_CONSTANT_CONVERSION = YES;
				CLANG_WARN_DIRECT_OBJC_ISA_USAGE = YES_ERROR;
				CLANG_WARN_DOCUMENTATION_COMMENTS = YES;
				CLANG_WARN_EMPTY_BODY = YES;
				CLANG_WARN_ENUM_CONVERSION = YES;
				CLANG_WARN_INFINITE_RECURSION = YES;
				CLANG_WARN_INT_CONVERSION = YES;
				CLANG_WARN_OBJC_ROOT_CLASS = YES_ERROR;
				CLANG_WARN_RANGE_LOOP_ANALYSIS = YES;
				CLANG_WARN_STRICT_PROTOTYPES = YES;
				CLANG_WARN_SUSPICIOUS_MOVE = YES;
				CLANG_WARN_UNGUARDED_AVAILABILITY = YES_AGGRESSIVE;
				CLANG_WARN_UNREACHABLE_CODE = YES;
				CLANG_WARN__DUPLICATE_METHOD_MATCH = YES;
				CODE_SIGN_IDENTITY = "iPhone Developer";
				COPY_PHASE_STRIP = NO;
				DEBUG_INFORMATION_FORMAT = "dwarf-with-dsym";
				ENABLE_NS_ASSERTIONS = NO;
				ENABLE_STRICT_OBJC_MSGSEND = YES;
				GCC_C_LANGUAGE_STANDARD = gnu11;
				GCC_NO_COMMON_BLOCKS = YES;
				GCC_WARN_64_TO_32_BIT_CONVERSION = YES;
				GCC_WARN_ABOUT_RETURN_TYPE = YES_ERROR;
				GCC_WARN_UNDECLARED_SELECTOR = YES;
				GCC_WARN_UNINITIALIZED_AUTOS = YES_AGGRESSIVE;
				GCC_WARN_UNUSED_FUNCTION = YES;
				GCC_WARN_UNUSED_VARIABLE = YES;
				IPHONEOS_DEPLOYMENT_TARGET = 11.0;
				MTL_ENABLE_DEBUG_INFO = NO;
				SDKROOT = iphoneos;
				VALIDATE_PRODUCT = YES;
			};
			name = Release;
		};
		1BE03CAE1F9F2EBF00BEEF0C /* Debug */ = {
			isa = XCBuildConfiguration;
			buildSettings = {
				ASSETCATALOG_COMPILER_APPICON_NAME = AppIcon;
				DEVELOPMENT_TEAM = L9P52E65L5;
				INFOPLIST_FILE = LYGradientViewDemo/Info.plist;
				IPHONEOS_DEPLOYMENT_TARGET = 9.0;
				LD_RUNPATH_SEARCH_PATHS = "$(inherited) @executable_path/Frameworks";
				PRODUCT_BUNDLE_IDENTIFIER = com.leon.LYGradientViewDemo;
				PRODUCT_NAME = "$(TARGET_NAME)";
				TARGETED_DEVICE_FAMILY = "1,2";
			};
			name = Debug;
		};
		1BE03CAF1F9F2EBF00BEEF0C /* Release */ = {
			isa = XCBuildConfiguration;
			buildSettings = {
				ASSETCATALOG_COMPILER_APPICON_NAME = AppIcon;
				DEVELOPMENT_TEAM = L9P52E65L5;
				INFOPLIST_FILE = LYGradientViewDemo/Info.plist;
				IPHONEOS_DEPLOYMENT_TARGET = 9.0;
				LD_RUNPATH_SEARCH_PATHS = "$(inherited) @executable_path/Frameworks";
				PRODUCT_BUNDLE_IDENTIFIER = com.leon.LYGradientViewDemo;
				PRODUCT_NAME = "$(TARGET_NAME)";
				TARGETED_DEVICE_FAMILY = "1,2";
			};
			name = Release;
		};
/* End XCBuildConfiguration section */

/* Begin XCConfigurationList section */
		1BE03C921F9F2EBD00BEEF0C /* Build configuration list for PBXProject "LYGradientViewDemo" */ = {
			isa = XCConfigurationList;
			buildConfigurations = (
				1BE03CAB1F9F2EBF00BEEF0C /* Debug */,
				1BE03CAC1F9F2EBF00BEEF0C /* Release */,
			);
			defaultConfigurationIsVisible = 0;
			defaultConfigurationName = Release;
		};
		1BE03CAD1F9F2EBF00BEEF0C /* Build configuration list for PBXNativeTarget "LYGradientViewDemo" */ = {
			isa = XCConfigurationList;
			buildConfigurations = (
				1BE03CAE1F9F2EBF00BEEF0C /* Debug */,
				1BE03CAF1F9F2EBF00BEEF0C /* Release */,
			);
			defaultConfigurationIsVisible = 0;
			defaultConfigurationName = Release;
		};
/* End XCConfigurationList section */
	};
	rootObject = 1BE03C8F1F9F2EBD00BEEF0C /* Project object */;
}
